
Microsoft Visual Studio Solution File, Format Version 12.00
# Visual Studio 15
VisualStudioVersion = 15.0.26124.0
MinimumVisualStudioVersion = 15.0.26124.0
Project("{2150E333-8FDC-42A3-9474-1A3956D46DE8}") = "src", "src", "{2FC10A72-A42C-4772-AB77-24E1CEF92036}"
EndProject
Project("{FAE04EC0-301F-11D3-BF4B-00C04F79EFBC}") = "GradeBook", "src\GradeBook\GradeBook.csproj", "{C0353C6E-C9C3-4AEF-A286-C343FE5AF74A}"
EndProject
Project("{2150E333-8FDC-42A3-9474-1A3956D46DE8}") = "test", "test", "{5813043F-6A00-4AED-A6EF-FA5905536F94}"
EndProject
Project("{FAE04EC0-301F-11D3-BF4B-00C04F79EFBC}") = "GradeBook.tests", "test\GradeBook.tests\GradeBook.tests.csproj", "{C49E0CCC-225F-4E07-AEB6-FD966DD77075}"
EndProject
Global
	GlobalSection(SolutionConfigurationPlatforms) = preSolution
		Debug|Any CPU = Debug|Any CPU
		Debug|x64 = Debug|x64
		Debug|x86 = Debug|x86
		Release|Any CPU = Release|Any CPU
		Release|x64 = Release|x64
		Release|x86 = Release|x86
	EndGlobalSection
	GlobalSection(SolutionProperties) = preSolution
		HideSolutionNode = FALSE
	EndGlobalSection
	GlobalSection(ProjectConfigurationPlatforms) = postSolution
		{C0353C6E-C9C3-4AEF-A286-C343FE5AF74A}.Debug|Any CPU.ActiveCfg = Debug|Any CPU
		{C0353C6E-C9C3-4AEF-A286-C343FE5AF74A}.Debug|Any CPU.Build.0 = Debug|Any CPU
		{C0353C6E-C9C3-4AEF-A286-C343FE5AF74A}.Debug|x64.ActiveCfg = Debug|Any CPU
		{C0353C6E-C9C3-4AEF-A286-C343FE5AF74A}.Debug|x64.Build.0 = Debug|Any CPU
		{C0353C6E-C9C3-4AEF-A286-C343FE5AF74A}.Debug|x86.ActiveCfg = Debug|Any CPU
		{C0353C6E-C9C3-4AEF-A286-C343FE5AF74A}.Debug|x86.Build.0 = Debug|Any CPU
		{C0353C6E-C9C3-4AEF-A286-C343FE5AF74A}.Release|Any CPU.ActiveCfg = Release|Any CPU
		{C0353C6E-C9C3-4AEF-A286-C343FE5AF74A}.Release|Any CPU.Build.0 = Release|Any CPU
		{C0353C6E-C9C3-4AEF-A286-C343FE5AF74A}.Release|x64.ActiveCfg = Release|Any CPU
		{C0353C6E-C9C3-4AEF-A286-C343FE5AF74A}.Release|x64.Build.0 = Release|Any CPU
		{C0353C6E-C9C3-4AEF-A286-C343FE5AF74A}.Release|x86.ActiveCfg = Release|Any CPU
		{C0353C6E-C9C3-4AEF-A286-C343FE5AF74A}.Release|x86.Build.0 = Release|Any CPU
		{C49E0CCC-225F-4E07-AEB6-FD966DD77075}.Debug|Any CPU.ActiveCfg = Debug|Any CPU
		{C49E0CCC-225F-4E07-AEB6-FD966DD77075}.Debug|Any CPU.Build.0 = Debug|Any CPU
		{C49E0CCC-225F-4E07-AEB6-FD966DD77075}.Debug|x64.ActiveCfg = Debug|Any CPU
		{C49E0CCC-225F-4E07-AEB6-FD966DD77075}.Debug|x64.Build.0 = Debug|Any CPU
		{C49E0CCC-225F-4E07-AEB6-FD966DD77075}.Debug|x86.ActiveCfg = Debug|Any CPU
		{C49E0CCC-225F-4E07-AEB6-FD966DD77075}.Debug|x86.Build.0 = Debug|Any CPU
		{C49E0CCC-225F-4E07-AEB6-FD966DD77075}.Release|Any CPU.ActiveCfg = Release|Any CPU
		{C49E0CCC-225F-4E07-AEB6-FD966DD77075}.Release|Any CPU.Build.0 = Release|Any CPU
		{C49E0CCC-225F-4E07-AEB6-FD966DD77075}.Release|x64.ActiveCfg = Release|Any CPU
		{C49E0CCC-225F-4E07-AEB6-FD966DD77075}.Release|x64.Build.0 = Release|Any CPU
		{C49E0CCC-225F-4E07-AEB6-FD966DD77075}.Release|x86.ActiveCfg = Release|Any CPU
		{C49E0CCC-225F-4E07-AEB6-FD966DD77075}.Release|x86.Build.0 = Release|Any CPU
	EndGlobalSection
	GlobalSection(NestedProjects) = preSolution
		{C0353C6E-C9C3-4AEF-A286-C343FE5AF74A} = {2FC10A72-A42C-4772-AB77-24E1CEF92036}
		{C49E0CCC-225F-4E07-AEB6-FD966DD77075} = {5813043F-6A00-4AED-A6EF-FA5905536F94}
	EndGlobalSection
EndGlobal
